// !$*UTF8*$!
{
	archiveVersion = 1;
	classes = {
	};
	objectVersion = 46;
	objects = {

/* Begin PBXBuildFile section */
		84FD23C71F0B736A00A2FC51 /* AppDelegate.swift in Sources */ = {isa = PBXBuildFile; fileRef = 84FD23C61F0B736A00A2FC51 /* AppDelegate.swift */; };
		84FD23CC1F0B736A00A2FC51 /* Main.storyboard in Resources */ = {isa = PBXBuildFile; fileRef = 84FD23CA1F0B736A00A2FC51 /* Main.storyboard */; };
		84FD23CE1F0B736A00A2FC51 /* Assets.xcassets in Resources */ = {isa = PBXBuildFile; fileRef = 84FD23CD1F0B736A00A2FC51 /* Assets.xcassets */; };
		84FD23D11F0B736A00A2FC51 /* LaunchScreen.storyboard in Resources */ = {isa = PBXBuildFile; fileRef = 84FD23CF1F0B736A00A2FC51 /* LaunchScreen.storyboard */; };
		84FD23DC1F0B736A00A2FC51 /* calculatorTests.swift in Sources */ = {isa = PBXBuildFile; fileRef = 84FD23DB1F0B736A00A2FC51 /* calculatorTests.swift */; };
		84FD23E71F0B736A00A2FC51 /* calculatorUITests.swift in Sources */ = {isa = PBXBuildFile; fileRef = 84FD23E61F0B736A00A2FC51 /* calculatorUITests.swift */; };
		84FD23F51F0B7BE500A2FC51 /* CalculatorViewController.swift in Sources */ = {isa = PBXBuildFile; fileRef = 84FD23F41F0B7BE500A2FC51 /* CalculatorViewController.swift */; };
/* End PBXBuildFile section */

/* Begin PBXContainerItemProxy section */
		84FD23D81F0B736A00A2FC51 /* PBXContainerItemProxy */ = {
			isa = PBXContainerItemProxy;
			containerPortal = 84FD23BB1F0B736A00A2FC51 /* Project object */;
			proxyType = 1;
			remoteGlobalIDString = 84FD23C21F0B736A00A2FC51;
			remoteInfo = calculator;
		};
		84FD23E31F0B736A00A2FC51 /* PBXContainerItemProxy */ = {
			isa = PBXContainerItemProxy;
			containerPortal = 84FD23BB1F0B736A00A2FC51 /* Project object */;
			proxyType = 1;
			remoteGlobalIDString = 84FD23C21F0B736A00A2FC51;
			remoteInfo = calculator;
		};
/* End PBXContainerItemProxy section */

/* Begin PBXFileReference section */
		84FD23C31F0B736A00A2FC51 /* calculator.app */ = {isa = PBXFileReference; explicitFileType = wrapper.application; includeInIndex = 0; path = calculator.app; sourceTree = BUILT_PRODUCTS_DIR; };
		84FD23C61F0B736A00A2FC51 /* AppDelegate.swift */ = {isa = PBXFileReference; lastKnownFileType = sourcecode.swift; path = AppDelegate.swift; sourceTree = "<group>"; };
		84FD23CB1F0B736A00A2FC51 /* Base */ = {isa = PBXFileReference; lastKnownFileType = file.storyboard; name = Base; path = Base.lproj/Main.storyboard; sourceTree = "<group>"; };
		84FD23CD1F0B736A00A2FC51 /* Assets.xcassets */ = {isa = PBXFileReference; lastKnownFileType = folder.assetcatalog; path = Assets.xcassets; sourceTree = "<group>"; };
		84FD23D01F0B736A00A2FC51 /* Base */ = {isa = PBXFileReference; lastKnownFileType = file.storyboard; name = Base; path = Base.lproj/LaunchScreen.storyboard; sourceTree = "<group>"; };
		84FD23D21F0B736A00A2FC51 /* Info.plist */ = {isa = PBXFileReference; lastKnownFileType = text.plist.xml; path = Info.plist; sourceTree = "<group>"; };
		84FD23D71F0B736A00A2FC51 /* calculatorTests.xctest */ = {isa = PBXFileReference; explicitFileType = wrapper.cfbundle; includeInIndex = 0; path = calculatorTests.xctest; sourceTree = BUILT_PRODUCTS_DIR; };
		84FD23DB1F0B736A00A2FC51 /* calculatorTests.swift */ = {isa = PBXFileReference; lastKnownFileType = sourcecode.swift; path = calculatorTests.swift; sourceTree = "<group>"; };
		84FD23DD1F0B736A00A2FC51 /* Info.plist */ = {isa = PBXFileReference; lastKnownFileType = text.plist.xml; path = Info.plist; sourceTree = "<group>"; };
		84FD23E21F0B736A00A2FC51 /* calculatorUITests.xctest */ = {isa = PBXFileReference; explicitFileType = wrapper.cfbundle; includeInIndex = 0; path = calculatorUITests.xctest; sourceTree = BUILT_PRODUCTS_DIR; };
		84FD23E61F0B736A00A2FC51 /* calculatorUITests.swift */ = {isa = PBXFileReference; lastKnownFileType = sourcecode.swift; path = calculatorUITests.swift; sourceTree = "<group>"; };
		84FD23E81F0B736A00A2FC51 /* Info.plist */ = {isa = PBXFileReference; lastKnownFileType = text.plist.xml; path = Info.plist; sourceTree = "<group>"; };
		84FD23F41F0B7BE500A2FC51 /* CalculatorViewController.swift */ = {isa = PBXFileReference; fileEncoding = 4; lastKnownFileType = sourcecode.swift; path = CalculatorViewController.swift; sourceTree = "<group>"; };
/* End PBXFileReference section */

/* Begin PBXFrameworksBuildPhase section */
		84FD23C01F0B736A00A2FC51 /* Frameworks */ = {
			isa = PBXFrameworksBuildPhase;
			buildActionMask = 2147483647;
			files = (
			);
			runOnlyForDeploymentPostprocessing = 0;
		};
		84FD23D41F0B736A00A2FC51 /* Frameworks */ = {
			isa = PBXFrameworksBuildPhase;
			buildActionMask = 2147483647;
			files = (
			);
			runOnlyForDeploymentPostprocessing = 0;
		};
		84FD23DF1F0B736A00A2FC51 /* Frameworks */ = {
			isa = PBXFrameworksBuildPhase;
			buildActionMask = 2147483647;
			files = (
			);
			runOnlyForDeploymentPostprocessing = 0;
		};
/* End PBXFrameworksBuildPhase section */

/* Begin PBXGroup section */
		84FD23BA1F0B736A00A2FC51 = {
			isa = PBXGroup;
			children = (
				84FD23C51F0B736A00A2FC51 /* calculator */,
				84FD23DA1F0B736A00A2FC51 /* calculatorTests */,
				84FD23E51F0B736A00A2FC51 /* calculatorUITests */,
				84FD23C41F0B736A00A2FC51 /* Products */,
			);
			sourceTree = "<group>";
		};
		84FD23C41F0B736A00A2FC51 /* Products */ = {
			isa = PBXGroup;
			children = (
				84FD23C31F0B736A00A2FC51 /* calculator.app */,
				84FD23D71F0B736A00A2FC51 /* calculatorTests.xctest */,
				84FD23E21F0B736A00A2FC51 /* calculatorUITests.xctest */,
			);
			name = Products;
			sourceTree = "<group>";
		};
		84FD23C51F0B736A00A2FC51 /* calculator */ = {
			isa = PBXGroup;
			children = (
				84FD23C61F0B736A00A2FC51 /* AppDelegate.swift */,
				84FD23F41F0B7BE500A2FC51 /* CalculatorViewController.swift */,
				84FD23CA1F0B736A00A2FC51 /* Main.storyboard */,
				84FD23CD1F0B736A00A2FC51 /* Assets.xcassets */,
				84FD23CF1F0B736A00A2FC51 /* LaunchScreen.storyboard */,
				84FD23D21F0B736A00A2FC51 /* Info.plist */,
			);
			path = calculator;
			sourceTree = "<group>";
		};
		84FD23DA1F0B736A00A2FC51 /* calculatorTests */ = {
			isa = PBXGroup;
			children = (
				84FD23DB1F0B736A00A2FC51 /* calculatorTests.swift */,
				84FD23DD1F0B736A00A2FC51 /* Info.plist */,
			);
			path = calculatorTests;
			sourceTree = "<group>";
		};
		84FD23E51F0B736A00A2FC51 /* calculatorUITests */ = {
			isa = PBXGroup;
			children = (
				84FD23E61F0B736A00A2FC51 /* calculatorUITests.swift */,
				84FD23E81F0B736A00A2FC51 /* Info.plist */,
			);
			path = calculatorUITests;
			sourceTree = "<group>";
		};
/* End PBXGroup section */

/* Begin PBXNativeTarget section */
		84FD23C21F0B736A00A2FC51 /* calculator */ = {
			isa = PBXNativeTarget;
			buildConfigurationList = 84FD23EB1F0B736A00A2FC51 /* Build configuration list for PBXNativeTarget "calculator" */;
			buildPhases = (
				84FD23BF1F0B736A00A2FC51 /* Sources */,
				84FD23C01F0B736A00A2FC51 /* Frameworks */,
				84FD23C11F0B736A00A2FC51 /* Resources */,
			);
			buildRules = (
			);
			dependencies = (
			);
			name = calculator;
			productName = calculator;
			productReference = 84FD23C31F0B736A00A2FC51 /* calculator.app */;
			productType = "com.apple.product-type.application";
		};
		84FD23D61F0B736A00A2FC51 /* calculatorTests */ = {
			isa = PBXNativeTarget;
			buildConfigurationList = 84FD23EE1F0B736A00A2FC51 /* Build configuration list for PBXNativeTarget "calculatorTests" */;
			buildPhases = (
				84FD23D31F0B736A00A2FC51 /* Sources */,
				84FD23D41F0B736A00A2FC51 /* Frameworks */,
				84FD23D51F0B736A00A2FC51 /* Resources */,
			);
			buildRules = (
			);
			dependencies = (
				84FD23D91F0B736A00A2FC51 /* PBXTargetDependency */,
			);
			name = calculatorTests;
			productName = calculatorTests;
			productReference = 84FD23D71F0B736A00A2FC51 /* calculatorTests.xctest */;
			productType = "com.apple.product-type.bundle.unit-test";
		};
		84FD23E11F0B736A00A2FC51 /* calculatorUITests */ = {
			isa = PBXNativeTarget;
			buildConfigurationList = 84FD23F11F0B736A00A2FC51 /* Build configuration list for PBXNativeTarget "calculatorUITests" */;
			buildPhases = (
				84FD23DE1F0B736A00A2FC51 /* Sources */,
				84FD23DF1F0B736A00A2FC51 /* Frameworks */,
				84FD23E01F0B736A00A2FC51 /* Resources */,
			);
			buildRules = (
			);
			dependencies = (
				84FD23E41F0B736A00A2FC51 /* PBXTargetDependency */,
			);
			name = calculatorUITests;
			productName = calculatorUITests;
			productReference = 84FD23E21F0B736A00A2FC51 /* calculatorUITests.xctest */;
			productType = "com.apple.product-type.bundle.ui-testing";
		};
/* End PBXNativeTarget section */

/* Begin PBXProject section */
		84FD23BB1F0B736A00A2FC51 /* Project object */ = {
			isa = PBXProject;
			attributes = {
				LastSwiftUpdateCheck = 0830;
				LastUpgradeCheck = 1200;
				ORGANIZATIONNAME = indosystem;
				TargetAttributes = {
					84FD23C21F0B736A00A2FC51 = {
						CreatedOnToolsVersion = 8.3.3;
						ProvisioningStyle = Automatic;
					};
					84FD23D61F0B736A00A2FC51 = {
						CreatedOnToolsVersion = 8.3.3;
						ProvisioningStyle = Automatic;
						TestTargetID = 84FD23C21F0B736A00A2FC51;
					};
					84FD23E11F0B736A00A2FC51 = {
						CreatedOnToolsVersion = 8.3.3;
						ProvisioningStyle = Automatic;
						TestTargetID = 84FD23C21F0B736A00A2FC51;
					};
				};
			};
			buildConfigurationList = 84FD23BE1F0B736A00A2FC51 /* Build configuration list for PBXProject "calculator" */;
			compatibilityVersion = "Xcode 3.2";
			developmentRegion = en;
			hasScannedForEncodings = 0;
			knownRegions = (
				en,
				Base,
			);
			mainGroup = 84FD23BA1F0B736A00A2FC51;
			productRefGroup = 84FD23C41F0B736A00A2FC51 /* Products */;
			projectDirPath = "";
			projectRoot = "";
			targets = (
				84FD23C21F0B736A00A2FC51 /* calculator */,
				84FD23D61F0B736A00A2FC51 /* calculatorTests */,
				84FD23E11F0B736A00A2FC51 /* calculatorUITests */,
			);
		};
/* End PBXProject section */

/* Begin PBXResourcesBuildPhase section */
		84FD23C11F0B736A00A2FC51 /* Resources */ = {
			isa = PBXResourcesBuildPhase;
			buildActionMask = 2147483647;
			files = (
				84FD23D11F0B736A00A2FC51 /* LaunchScreen.storyboard in Resources */,
				84FD23CE1F0B736A00A2FC51 /* Assets.xcassets in Resources */,
				84FD23CC1F0B736A00A2FC51 /* Main.storyboard in Resources */,
			);
			runOnlyForDeploymentPostprocessing = 0;
		};
		84FD23D51F0B736A00A2FC51 /* Resources */ = {
			isa = PBXResourcesBuildPhase;
			buildActionMask = 2147483647;
			files = (
			);
			runOnlyForDeploymentPostprocessing = 0;
		};
		84FD23E01F0B736A00A2FC51 /* Resources */ = {
			isa = PBXResourcesBuildPhase;
			buildActionMask = 2147483647;
			files = (
			);
			runOnlyForDeploymentPostprocessing = 0;
		};
/* End PBXResourcesBuildPhase section */

/* Begin PBXSourcesBuildPhase section */
		84FD23BF1F0B736A00A2FC51 /* Sources */ = {
			isa = PBXSourcesBuildPhase;
			buildActionMask = 2147483647;
			files = (
				84FD23F51F0B7BE500A2FC51 /* CalculatorViewController.swift in Sources */,
				84FD23C71F0B736A00A2FC51 /* AppDelegate.swift in Sources */,
			);
			runOnlyForDeploymentPostprocessing = 0;
		};
		84FD23D31F0B736A00A2FC51 /* Sources */ = {
			isa = PBXSourcesBuildPhase;
			buildActionMask = 2147483647;
			files = (
				84FD23DC1F0B736A00A2FC51 /* calculatorTests.swift in Sources */,
			);
			runOnlyForDeploymentPostprocessing = 0;
		};
		84FD23DE1F0B736A00A2FC51 /* Sources */ = {
			isa = PBXSourcesBuildPhase;
			buildActionMask = 2147483647;
			files = (
				84FD23E71F0B736A00A2FC51 /* calculatorUITests.swift in Sources */,
			);
			runOnlyForDeploymentPostprocessing = 0;
		};
/* End PBXSourcesBuildPhase section */

/* Begin PBXTargetDependency section */
		84FD23D91F0B736A00A2FC51 /* PBXTargetDependency */ = {
			isa = PBXTargetDependency;
			target = 84FD23C21F0B736A00A2FC51 /* calculator */;
			targetProxy = 84FD23D81F0B736A00A2FC51 /* PBXContainerItemProxy */;
		};
		84FD23E41F0B736A00A2FC51 /* PBXTargetDependency */ = {
			isa = PBXTargetDependency;
			target = 84FD23C21F0B736A00A2FC51 /* calculator */;
			targetProxy = 84FD23E31F0B736A00A2FC51 /* PBXContainerItemProxy */;
		};
/* End PBXTargetDependency section */

/* Begin PBXVariantGroup section */
		84FD23CA1F0B736A00A2FC51 /* Main.storyboard */ = {
			isa = PBXVariantGroup;
			children = (
				84FD23CB1F0B736A00A2FC51 /* Base */,
			);
			name = Main.storyboard;
			sourceTree = "<group>";
		};
		84FD23CF1F0B736A00A2FC51 /* LaunchScreen.storyboard */ = {
			isa = PBXVariantGroup;
			children = (
				84FD23D01F0B736A00A2FC51 /* Base */,
			);
			name = LaunchScreen.storyboard;
			sourceTree = "<group>";
		};
/* End PBXVariantGroup section */

/* Begin XCBuildConfiguration section */
		84FD23E91F0B736A00A2FC51 /* Debug */ = {
			isa = XCBuildConfiguration;
			buildSettings = {
				ALWAYS_SEARCH_USER_PATHS = NO;
				CLANG_ANALYZER_NONNULL = YES;
				CLANG_ANALYZER_NUMBER_OBJECT_CONVERSION = YES_AGGRESSIVE;
				CLANG_CXX_LANGUAGE_STANDARD = "gnu++0x";
				CLANG_CXX_LIBRARY = "libc++";
				CLANG_ENABLE_MODULES = YES;
				CLANG_ENABLE_OBJC_ARC = YES;
				CLANG_WARN_BLOCK_CAPTURE_AUTORELEASING = YES;
				CLANG_WARN_BOOL_CONVERSION = YES;
				CLANG_WARN_COMMA = YES;
				CLANG_WARN_CONSTANT_CONVERSION = YES;
				CLANG_WARN_DEPRECATED_OBJC_IMPLEMENTATIONS = YES;
				CLANG_WARN_DIRECT_OBJC_ISA_USAGE = YES_ERROR;
				CLANG_WARN_DOCUMENTATION_COMMENTS = YES;
				CLANG_WARN_EMPTY_BODY = YES;
				CLANG_WARN_ENUM_CONVERSION = YES;
				CLANG_WARN_INFINITE_RECURSION = YES;
				CLANG_WARN_INT_CONVERSION = YES;
				CLANG_WARN_NON_LITERAL_NULL_CONVERSION = YES;
				CLANG_WARN_OBJC_IMPLICIT_RETAIN_SELF = YES;
				CLANG_WARN_OBJC_LITERAL_CONVERSION = YES;
				CLANG_WARN_OBJC_ROOT_CLASS = YES_ERROR;
				CLANG_WARN_QUOTED_INCLUDE_IN_FRAMEWORK_HEADER = YES;
				CLANG_WARN_RANGE_LOOP_ANALYSIS = YES;
				CLANG_WARN_STRICT_PROTOTYPES = YES;
				CLANG_WARN_SUSPICIOUS_MOVE = YES;
				CLANG_WARN_UNREACHABLE_CODE = YES;
				CLANG_WARN__DUPLICATE_METHOD_MATCH = YES;
				"CODE_SIGN_IDENTITY[sdk=iphoneos*]" = "iPhone Developer";
				COPY_PHASE_STRIP = NO;
				DEBUG_INFORMATION_FORMAT = dwarf;
				ENABLE_STRICT_OBJC_MSGSEND = YES;
				ENABLE_TESTABILITY = YES;
				GCC_C_LANGUAGE_STANDARD = gnu99;
				GCC_DYNAMIC_NO_PIC = NO;
				GCC_NO_COMMON_BLOCKS = YES;
				GCC_OPTIMIZATION_LEVEL = 0;
				GCC_PREPROCESSOR_DEFINITIONS = (
					"DEBUG=1",
					"$(inherited)",
				);
				GCC_WARN_64_TO_32_BIT_CONVERSION = YES;
				GCC_WARN_ABOUT_RETURN_TYPE = YES_ERROR;
				GCC_WARN_UNDECLARED_SELECTOR = YES;
				GCC_WARN_UNINITIALIZED_AUTOS = YES_AGGRESSIVE;
				GCC_WARN_UNUSED_FUNCTION = YES;
				GCC_WARN_UNUSED_VARIABLE = YES;
				IPHONEOS_DEPLOYMENT_TARGET = 10.3;
				MTL_ENABLE_DEBUG_INFO = YES;
				ONLY_ACTIVE_ARCH = YES;
				SDKROOT = iphoneos;
				SWIFT_ACTIVE_COMPILATION_CONDITIONS = DEBUG;
				SWIFT_OPTIMIZATION_LEVEL = "-Onone";
				TARGETED_DEVICE_FAMILY = "1,2";
			};
			name = Debug;
		};
		84FD23EA1F0B736A00A2FC51 /* Release */ = {
			isa = XCBuildConfiguration;
			buildSettings = {
				ALWAYS_SEARCH_USER_PATHS = NO;
				CLANG_ANALYZER_NONNULL = YES;
				CLANG_ANALYZER_NUMBER_OBJECT_CONVERSION = YES_AGGRESSIVE;
				CLANG_CXX_LANGUAGE_STANDARD = "gnu++0x";
				CLANG_CXX_LIBRARY = "libc++";
				CLANG_ENABLE_MODULES = YES;
				CLANG_ENABLE_OBJC_ARC = YES;
				CLANG_WARN_BLOCK_CAPTURE_AUTORELEASING = YES;
				CLANG_WARN_BOOL_CONVERSION = YES;
				CLANG_WARN_COMMA = YES;
				CLANG_WARN_CONSTANT_CONVERSION = YES;
				CLANG_WARN_DEPRECATED_OBJC_IMPLEMENTATIONS = YES;
				CLANG_WARN_DIRECT_OBJC_ISA_USAGE = YES_ERROR;
				CLANG_WARN_DOCUMENTATION_COMMENTS = YES;
				CLANG_WARN_EMPTY_BODY = YES;
				CLANG_WARN_ENUM_CONVERSION = YES;
				CLANG_WARN_INFINITE_RECURSION = YES;
				CLANG_WARN_INT_CONVERSION = YES;
				CLANG_WARN_NON_LITERAL_NULL_CONVERSION = YES;
				CLANG_WARN_OBJC_IMPLICIT_RETAIN_SELF = YES;
				CLANG_WARN_OBJC_LITERAL_CONVERSION = YES;
				CLANG_WARN_OBJC_ROOT_CLASS = YES_ERROR;
				CLANG_WARN_QUOTED_INCLUDE_IN_FRAMEWORK_HEADER = YES;
				CLANG_WARN_RANGE_LOOP_ANALYSIS = YES;
				CLANG_WARN_STRICT_PROTOTYPES = YES;
				CLANG_WARN_SUSPICIOUS_MOVE = YES;
				CLANG_WARN_UNREACHABLE_CODE = YES;
				CLANG_WARN__DUPLICATE_METHOD_MATCH = YES;
				"CODE_SIGN_IDENTITY[sdk=iphoneos*]" = "iPhone Developer";
				COPY_PHASE_STRIP = NO;
				DEBUG_INFORMATION_FORMAT = "dwarf-with-dsym";
				ENABLE_NS_ASSERTIONS = NO;
				ENABLE_STRICT_OBJC_MSGSEND = YES;
				GCC_C_LANGUAGE_STANDARD = gnu99;
				GCC_NO_COMMON_BLOCKS = YES;
				GCC_WARN_64_TO_32_BIT_CONVERSION = YES;
				GCC_WARN_ABOUT_RETURN_TYPE = YES_ERROR;
				GCC_WARN_UNDECLARED_SELECTOR = YES;
				GCC_WARN_UNINITIALIZED_AUTOS = YES_AGGRESSIVE;
				GCC_WARN_UNUSED_FUNCTION = YES;
				GCC_WARN_UNUSED_VARIABLE = YES;
				IPHONEOS_DEPLOYMENT_TARGET = 10.3;
				MTL_ENABLE_DEBUG_INFO = NO;
				SDKROOT = iphoneos;
				SWIFT_OPTIMIZATION_LEVEL = "-Owholemodule";
				TARGETED_DEVICE_FAMILY = "1,2";
				VALIDATE_PRODUCT = YES;
			};
			name = Release;
		};
		84FD23EC1F0B736A00A2FC51 /* Debug */ = {
			isa = XCBuildConfiguration;
			buildSettings = {
				ASSETCATALOG_COMPILER_APPICON_NAME = AppIcon;
				INFOPLIST_FILE = calculator/Info.plist;
				LD_RUNPATH_SEARCH_PATHS = "$(inherited) @executable_path/Frameworks";
				MARKETING_VERSION = 1.1;
				PRODUCT_BUNDLE_IDENTIFIER = indosystem.calculator;
				PRODUCT_NAME = "$(TARGET_NAME)";
				SWIFT_VERSION = 5.0;
			};
			name = Debug;
		};
		84FD23ED1F0B736A00A2FC51 /* Release */ = {
			isa = XCBuildConfiguration;
			buildSettings = {
				ASSETCATALOG_COMPILER_APPICON_NAME = AppIcon;
				INFOPLIST_FILE = calculator/Info.plist;
				LD_RUNPATH_SEARCH_PATHS = "$(inherited) @executable_path/Frameworks";
				MARKETING_VERSION = 1.1;
				PRODUCT_BUNDLE_IDENTIFIER = indosystem.calculator;
				PRODUCT_NAME = "$(TARGET_NAME)";
				SWIFT_VERSION = 5.0;
			};
			name = Release;
		};
		84FD23EF1F0B736A00A2FC51 /* Debug */ = {
			isa = XCBuildConfiguration;
			buildSettings = {
				ALWAYS_EMBED_SWIFT_STANDARD_LIBRARIES = YES;
				BUNDLE_LOADER = "$(TEST_HOST)";
				INFOPLIST_FILE = calculatorTests/Info.plist;
				LD_RUNPATH_SEARCH_PATHS = "$(inherited) @executable_path/Frameworks @loader_path/Frameworks";
				PRODUCT_BUNDLE_IDENTIFIER = indosystem.calculatorTests;
				PRODUCT_NAME = "$(TARGET_NAME)";
				SWIFT_VERSION = 3.0;
				TEST_HOST = "$(BUILT_PRODUCTS_DIR)/calculator.app/calculator";
			};
			name = Debug;
		};
		84FD23F01F0B736A00A2FC51 /* Release */ = {
			isa = XCBuildConfiguration;
			buildSettings = {
				ALWAYS_EMBED_SWIFT_STANDARD_LIBRARIES = YES;
				BUNDLE_LOADER = "$(TEST_HOST)";
				INFOPLIST_FILE = calculatorTests/Info.plist;
				LD_RUNPATH_SEARCH_PATHS = "$(inherited) @executable_path/Frameworks @loader_path/Frameworks";
				PRODUCT_BUNDLE_IDENTIFIER = indosystem.calculatorTests;
				PRODUCT_NAME = "$(TARGET_NAME)";
				SWIFT_VERSION = 3.0;
				TEST_HOST = "$(BUILT_PRODUCTS_DIR)/calculator.app/calculator";
			};
			name = Release;
		};
		84FD23F21F0B736A00A2FC51 /* Debug */ = {
			isa = XCBuildConfiguration;
			buildSettings = {
				ALWAYS_EMBED_SWIFT_STANDARD_LIBRARIES = YES;
				INFOPLIST_FILE = calculatorUITests/Info.plist;
				LD_RUNPATH_SEARCH_PATHS = "$(inherited) @executable_path/Frameworks @loader_path/Frameworks";
				PRODUCT_BUNDLE_IDENTIFIER = indosystem.calculatorUITests;
				PRODUCT_NAME = "$(TARGET_NAME)";
				SWIFT_VERSION = 3.0;
				TEST_TARGET_NAME = calculator;
			};
			name = Debug;
		};
		84FD23F31F0B736A00A2FC51 /* Release */ = {
			isa = XCBuildConfiguration;
			buildSettings = {
				ALWAYS_EMBED_SWIFT_STANDARD_LIBRARIES = YES;
				INFOPLIST_FILE = calculatorUITests/Info.plist;
				LD_RUNPATH_SEARCH_PATHS = "$(inherited) @executable_path/Frameworks @loader_path/Frameworks";
				PRODUCT_BUNDLE_IDENTIFIER = indosystem.calculatorUITests;
				PRODUCT_NAME = "$(TARGET_NAME)";
				SWIFT_VERSION = 3.0;
				TEST_TARGET_NAME = calculator;
			};
			name = Release;
		};
/* End XCBuildConfiguration section */

/* Begin XCConfigurationList section */
		84FD23BE1F0B736A00A2FC51 /* Build configuration list for PBXProject "calculator" */ = {
			isa = XCConfigurationList;
			buildConfigurations = (
				84FD23E91F0B736A00A2FC51 /* Debug */,
				84FD23EA1F0B736A00A2FC51 /* Release */,
			);
			defaultConfigurationIsVisible = 0;
			defaultConfigurationName = Release;
		};
		84FD23EB1F0B736A00A2FC51 /* Build configuration list for PBXNativeTarget "calculator" */ = {
			isa = XCConfigurationList;
			buildConfigurations = (
				84FD23EC1F0B736A00A2FC51 /* Debug */,
				84FD23ED1F0B736A00A2FC51 /* Release */,
			);
			defaultConfigurationIsVisible = 0;
			defaultConfigurationName = Release;
		};
		84FD23EE1F0B736A00A2FC51 /* Build configuration list for PBXNativeTarget "calculatorTests" */ = {
			isa = XCConfigurationList;
			buildConfigurations = (
				84FD23EF1F0B736A00A2FC51 /* Debug */,
				84FD23F01F0B736A00A2FC51 /* Release */,
			);
			defaultConfigurationIsVisible = 0;
			defaultConfigurationName = Release;
		};
		84FD23F11F0B736A00A2FC51 /* Build configuration list for PBXNativeTarget "calculatorUITests" */ = {
			isa = XCConfigurationList;
			buildConfigurations = (
				84FD23F21F0B736A00A2FC51 /* Debug */,
				84FD23F31F0B736A00A2FC51 /* Release */,
			);
			defaultConfigurationIsVisible = 0;
			defaultConfigurationName = Release;
		};
/* End XCConfigurationList section */
	};
	rootObject = 84FD23BB1F0B736A00A2FC51 /* Project object */;
}
